
Microsoft Visual Studio Solution File, Format Version 12.00
# Visual Studio Version 17
VisualStudioVersion = 17.3.32929.385
MinimumVisualStudioVersion = 10.0.40219.1
Project("{FAE04EC0-301F-11D3-BF4B-00C04F79EFBC}") = "GL_produktlista_Checkpoint 2", "GL_produktlista_Checkpoint 2\GL_produktlista_Checkpoint 2.csproj", "{2209B647-CE0B-4D6F-8CAA-27246FD69349}"
EndProject
Global
	GlobalSection(SolutionConfigurationPlatforms) = preSolution
		Debug|Any CPU = Debug|Any CPU
		Release|Any CPU = Release|Any CPU
	EndGlobalSection
	GlobalSection(ProjectConfigurationPlatforms) = postSolution
		{2209B647-CE0B-4D6F-8CAA-27246FD69349}.Debug|Any CPU.ActiveCfg = Debug|Any CPU
		{2209B647-CE0B-4D6F-8CAA-27246FD69349}.Debug|Any CPU.Build.0 = Debug|Any CPU
		{2209B647-CE0B-4D6F-8CAA-27246FD69349}.Release|Any CPU.ActiveCfg = Release|Any CPU
		{2209B647-CE0B-4D6F-8CAA-27246FD69349}.Release|Any CPU.Build.0 = Release|Any CPU
	EndGlobalSection
	GlobalSection(SolutionProperties) = preSolution
		HideSolutionNode = FALSE
	EndGlobalSection
	GlobalSection(ExtensibilityGlobals) = postSolution
		SolutionGuid = {315B763F-4294-4C00-ADC7-67B0F7F51714}
	EndGlobalSection
EndGlobal
